
Microsoft Visual Studio Solution File, Format Version 12.00
Project("{FAE04EC0-301F-11D3-BF4B-00C04F79EFBC}") = "bot-base", "bot-base.csproj", "{1D1900E6-2C0D-47EC-8757-51EC012D9C26}"
EndProject
Global
	GlobalSection(SolutionConfigurationPlatforms) = preSolution
		Debug|Any CPU = Debug|Any CPU
		Release|Any CPU = Release|Any CPU
	EndGlobalSection
	GlobalSection(ProjectConfigurationPlatforms) = postSolution
		{1D1900E6-2C0D-47EC-8757-51EC012D9C26}.Debug|Any CPU.ActiveCfg = Debug|Any CPU
		{1D1900E6-2C0D-47EC-8757-51EC012D9C26}.Debug|Any CPU.Build.0 = Debug|Any CPU
		{1D1900E6-2C0D-47EC-8757-51EC012D9C26}.Release|Any CPU.ActiveCfg = Release|Any CPU
		{1D1900E6-2C0D-47EC-8757-51EC012D9C26}.Release|Any CPU.Build.0 = Release|Any CPU
	EndGlobalSection
EndGlobal
